PODS:
  - CountryPickerView (3.3.0)
  - GoogleMaps (7.4.0):
    - GoogleMaps/Maps (= 7.4.0)
  - GoogleMaps/Base (7.4.0)
  - GoogleMaps/Maps (7.4.0):
    - GoogleMaps/Base

DEPENDENCIES:
  - CountryPickerView
  - GoogleMaps

SPEC REPOS:
  trunk:
    - CountryPickerView
    - GoogleMaps

SPEC CHECKSUMS:
  CountryPickerView: 6322ada32a80b0cd721b0267282a5c24f406f263
  GoogleMaps: 032f676450ba0779bd8ce16840690915f84e57ac

PODFILE CHECKSUM: a86a2ad1d425a9b8ecd675de06177e857d6d37b2

COCOAPODS: 1.16.2
